# This file is automatically @generated by Cargo.
# It is not intended for manual editing.
version = 3

[[package]]
name = "voxora"
version = "0.1.1"
dependencies = [
 "voxora-core",
 "voxora-geometry",
 "voxora-math",
 "voxora-reconstruction",
 "voxora-render",
 "voxora-vision",
]

[[package]]
name = "voxora-cli"
version = "0.1.1"
dependencies = [
 "voxora",
]

[[package]]
name = "voxora-core"
version = "0.1.1"
dependencies = [
 "voxora-math",
]

[[package]]
name = "voxora-geometry"
version = "0.1.1"
dependencies = [
 "voxora-core",
 "voxora-math",
 "voxora-vision",
]

[[package]]
name = "voxora-math"
version = "0.1.1"

[[package]]
name = "voxora-reconstruction"
version = "0.1.1"
dependencies = [
 "voxora-core",
 "voxora-geometry",
 "voxora-math",
 "voxora-vision",
]

[[package]]
name = "voxora-render"
version = "0.1.1"
dependencies = [
 "voxora-core",
 "voxora-geometry",
 "voxora-math",
 "voxora-reconstruction",
]

[[package]]
name = "voxora-vision"
version = "0.1.1"
dependencies = [
 "voxora-core",
 "voxora-math",
]
